
Microsoft Visual Studio Solution File, Format Version 12.00
# Visual Studio 15
VisualStudioVersion = 15.0.28307.489
MinimumVisualStudioVersion = 10.0.40219.1
Project("{9A19103F-16F7-4668-BE54-9A1E7A4F7556}") = "LAB03-WordGuessGame", "LAB03-WordGuessGame\LAB03-WordGuessGame.csproj", "{B6F33CEA-8B68-40EB-A2E9-1B0AA60E62A2}"
EndProject
Project("{FAE04EC0-301F-11D3-BF4B-00C04F79EFBC}") = "XUnitTestProject1", "XUnitTestProject1\XUnitTestProject1.csproj", "{FE972972-1413-4958-8121-DE47C46089AD}"
EndProject
Global
	GlobalSection(SolutionConfigurationPlatforms) = preSolution
		Debug|Any CPU = Debug|Any CPU
		Release|Any CPU = Release|Any CPU
	EndGlobalSection
	GlobalSection(ProjectConfigurationPlatforms) = postSolution
		{B6F33CEA-8B68-40EB-A2E9-1B0AA60E62A2}.Debug|Any CPU.ActiveCfg = Debug|Any CPU
		{B6F33CEA-8B68-40EB-A2E9-1B0AA60E62A2}.Debug|Any CPU.Build.0 = Debug|Any CPU
		{B6F33CEA-8B68-40EB-A2E9-1B0AA60E62A2}.Release|Any CPU.ActiveCfg = Release|Any CPU
		{B6F33CEA-8B68-40EB-A2E9-1B0AA60E62A2}.Release|Any CPU.Build.0 = Release|Any CPU
		{FE972972-1413-4958-8121-DE47C46089AD}.Debug|Any CPU.ActiveCfg = Debug|Any CPU
		{FE972972-1413-4958-8121-DE47C46089AD}.Debug|Any CPU.Build.0 = Debug|Any CPU
		{FE972972-1413-4958-8121-DE47C46089AD}.Release|Any CPU.ActiveCfg = Release|Any CPU
		{FE972972-1413-4958-8121-DE47C46089AD}.Release|Any CPU.Build.0 = Release|Any CPU
	EndGlobalSection
	GlobalSection(SolutionProperties) = preSolution
		HideSolutionNode = FALSE
	EndGlobalSection
	GlobalSection(ExtensibilityGlobals) = postSolution
		SolutionGuid = {9DADB0A0-0B80-4D9E-B1AA-2F5532C649B7}
	EndGlobalSection
EndGlobal
